// !$*UTF8*$!
{
	archiveVersion = 1;
	classes = {
	};
	objectVersion = 46;
	objects = {

/* Begin PBXBuildFile section */
		51204EE918D007AC0017B901 /* FlyActivityDetailController.m in Sources */ = {isa = PBXBuildFile; fileRef = 51204EE818D007AC0017B901 /* FlyActivityDetailController.m */; };
		51204EEB18D1525D0017B901 /* basketball_activity_bg.png in Resources */ = {isa = PBXBuildFile; fileRef = 51204EEA18D1525D0017B901 /* basketball_activity_bg.png */; };
		513F6D4518C6C8B500053B4F /* DetailViewController.m in Sources */ = {isa = PBXBuildFile; fileRef = 513F6D4018C6C8B500053B4F /* DetailViewController.m */; };
		513F6D4618C6C8B500053B4F /* Cell.m in Sources */ = {isa = PBXBuildFile; fileRef = 513F6D4218C6C8B500053B4F /* Cell.m */; };
		513F6D4718C6C8B500053B4F /* CustomCellBackground.m in Sources */ = {isa = PBXBuildFile; fileRef = 513F6D4418C6C8B500053B4F /* CustomCellBackground.m */; };
		513F6D5418C6CB9200053B4F /* 0.JPG in Resources */ = {isa = PBXBuildFile; fileRef = 513F6D4918C6CB9200053B4F /* 0.JPG */; };
		513F6D5518C6CB9200053B4F /* 1.JPG in Resources */ = {isa = PBXBuildFile; fileRef = 513F6D4A18C6CB9200053B4F /* 1.JPG */; };
		513F6D5618C6CB9200053B4F /* 2.JPG in Resources */ = {isa = PBXBuildFile; fileRef = 513F6D4B18C6CB9200053B4F /* 2.JPG */; };
		513F6D5718C6CB9200053B4F /* 3.JPG in Resources */ = {isa = PBXBuildFile; fileRef = 513F6D4C18C6CB9200053B4F /* 3.JPG */; };
		513F6D5818C6CB9200053B4F /* 4.JPG in Resources */ = {isa = PBXBuildFile; fileRef = 513F6D4D18C6CB9200053B4F /* 4.JPG */; };
		513F6D5918C6CB9200053B4F /* 5.JPG in Resources */ = {isa = PBXBuildFile; fileRef = 513F6D4E18C6CB9200053B4F /* 5.JPG */; };
		513F6D5A18C6CB9200053B4F /* 6.JPG in Resources */ = {isa = PBXBuildFile; fileRef = 513F6D4F18C6CB9200053B4F /* 6.JPG */; };
		513F6D5B18C6CB9200053B4F /* 7.JPG in Resources */ = {isa = PBXBuildFile; fileRef = 513F6D5018C6CB9200053B4F /* 7.JPG */; };
		513F6D5C18C6CB9200053B4F /* 8.JPG in Resources */ = {isa = PBXBuildFile; fileRef = 513F6D5118C6CB9200053B4F /* 8.JPG */; };
		513F6D5D18C6CB9200053B4F /* 9.JPG in Resources */ = {isa = PBXBuildFile; fileRef = 513F6D5218C6CB9200053B4F /* 9.JPG */; };
		513F6D5E18C6CB9200053B4F /* 10.JPG in Resources */ = {isa = PBXBuildFile; fileRef = 513F6D5318C6CB9200053B4F /* 10.JPG */; };
		513F6D6518C6D21B00053B4F /* calendar.png in Resources */ = {isa = PBXBuildFile; fileRef = 513F6D6118C6D21B00053B4F /* calendar.png */; };
		513F6D6618C6D21B00053B4F /* home.png in Resources */ = {isa = PBXBuildFile; fileRef = 513F6D6218C6D21B00053B4F /* home.png */; };
		513F6D6718C6D21B00053B4F /* location.png in Resources */ = {isa = PBXBuildFile; fileRef = 513F6D6318C6D21B00053B4F /* location.png */; };
		513F6D6818C6D21B00053B4F /* user.png in Resources */ = {isa = PBXBuildFile; fileRef = 513F6D6418C6D21B00053B4F /* user.png */; };
		513F6D6B18C755C100053B4F /* FlyTableViewController.m in Sources */ = {isa = PBXBuildFile; fileRef = 513F6D6A18C755C100053B4F /* FlyTableViewController.m */; };
		51679C8618EA7B9400B2A15E /* FlyActivityDetailCell.m in Sources */ = {isa = PBXBuildFile; fileRef = 51679C8518EA7B9400B2A15E /* FlyActivityDetailCell.m */; };
		51679C8818EA7BB900B2A15E /* FlyActivityDetailCell.xib in Resources */ = {isa = PBXBuildFile; fileRef = 51679C8718EA7BB900B2A15E /* FlyActivityDetailCell.xib */; };
		51E9BB7618C9AFA500CD7F79 /* FlySecondTableViewController.m in Sources */ = {isa = PBXBuildFile; fileRef = 51E9BB7518C9AFA500CD7F79 /* FlySecondTableViewController.m */; };
		51E9BB7918C9B33E00CD7F79 /* FlyActivityListCell.m in Sources */ = {isa = PBXBuildFile; fileRef = 51E9BB7818C9B33E00CD7F79 /* FlyActivityListCell.m */; };
		51EDDBB518C56C69009172B6 /* Foundation.framework in Frameworks */ = {isa = PBXBuildFile; fileRef = 51EDDBB418C56C68009172B6 /* Foundation.framework */; };
		51EDDBB718C56C69009172B6 /* CoreGraphics.framework in Frameworks */ = {isa = PBXBuildFile; fileRef = 51EDDBB618C56C69009172B6 /* CoreGraphics.framework */; };
		51EDDBB918C56C69009172B6 /* UIKit.framework in Frameworks */ = {isa = PBXBuildFile; fileRef = 51EDDBB818C56C69009172B6 /* UIKit.framework */; };
		51EDDBBF18C56C69009172B6 /* InfoPlist.strings in Resources */ = {isa = PBXBuildFile; fileRef = 51EDDBBD18C56C69009172B6 /* InfoPlist.strings */; };
		51EDDBC118C56C69009172B6 /* main.m in Sources */ = {isa = PBXBuildFile; fileRef = 51EDDBC018C56C69009172B6 /* main.m */; };
		51EDDBC518C56C69009172B6 /* FlyAppDelegate.m in Sources */ = {isa = PBXBuildFile; fileRef = 51EDDBC418C56C69009172B6 /* FlyAppDelegate.m */; };
		51EDDBC818C56C69009172B6 /* Main.storyboard in Resources */ = {isa = PBXBuildFile; fileRef = 51EDDBC618C56C69009172B6 /* Main.storyboard */; };
		51EDDBCB18C56C69009172B6 /* FlyViewController.m in Sources */ = {isa = PBXBuildFile; fileRef = 51EDDBCA18C56C69009172B6 /* FlyViewController.m */; };
		51EDDBCD18C56C69009172B6 /* Images.xcassets in Resources */ = {isa = PBXBuildFile; fileRef = 51EDDBCC18C56C69009172B6 /* Images.xcassets */; };
		51EDDBD418C56C69009172B6 /* XCTest.framework in Frameworks */ = {isa = PBXBuildFile; fileRef = 51EDDBD318C56C69009172B6 /* XCTest.framework */; };
		51EDDBD518C56C69009172B6 /* Foundation.framework in Frameworks */ = {isa = PBXBuildFile; fileRef = 51EDDBB418C56C68009172B6 /* Foundation.framework */; };
		51EDDBD618C56C69009172B6 /* UIKit.framework in Frameworks */ = {isa = PBXBuildFile; fileRef = 51EDDBB818C56C69009172B6 /* UIKit.framework */; };
		51EDDBDE18C56C69009172B6 /* InfoPlist.strings in Resources */ = {isa = PBXBuildFile; fileRef = 51EDDBDC18C56C69009172B6 /* InfoPlist.strings */; };
		51EDDBE018C56C69009172B6 /* YorkerTests.m in Sources */ = {isa = PBXBuildFile; fileRef = 51EDDBDF18C56C69009172B6 /* YorkerTests.m */; };
		51EDDBED18C56FA6009172B6 /* Default.png in Resources */ = {isa = PBXBuildFile; fileRef = 51EDDBEC18C56FA6009172B6 /* Default.png */; };
		51EDDBF418C57851009172B6 /* background.png in Resources */ = {isa = PBXBuildFile; fileRef = 51EDDBEE18C57851009172B6 /* background.png */; };
		51EDDBF518C57851009172B6 /* dot1.png in Resources */ = {isa = PBXBuildFile; fileRef = 51EDDBEF18C57851009172B6 /* dot1.png */; };
		51EDDBF618C57851009172B6 /* dot2.png in Resources */ = {isa = PBXBuildFile; fileRef = 51EDDBF018C57851009172B6 /* dot2.png */; };
		51EDDBF718C57851009172B6 /* dot3.png in Resources */ = {isa = PBXBuildFile; fileRef = 51EDDBF118C57851009172B6 /* dot3.png */; };
		51EDDBF818C57851009172B6 /* dot4.png in Resources */ = {isa = PBXBuildFile; fileRef = 51EDDBF218C57851009172B6 /* dot4.png */; };
		51EDDBF918C57851009172B6 /* heart.png in Resources */ = {isa = PBXBuildFile; fileRef = 51EDDBF318C57851009172B6 /* heart.png */; };
		51EDDBFB18C5798B009172B6 /* words.png in Resources */ = {isa = PBXBuildFile; fileRef = 51EDDBFA18C5798B009172B6 /* words.png */; };
		51EDDBFD18C57B59009172B6 /* welcome.png in Resources */ = {isa = PBXBuildFile; fileRef = 51EDDBFC18C57B59009172B6 /* welcome.png */; };
		51EDDC0218C582FE009172B6 /* background1.png in Resources */ = {isa = PBXBuildFile; fileRef = 51EDDBFE18C582FE009172B6 /* background1.png */; };
		51EDDC0318C582FE009172B6 /* background2.png in Resources */ = {isa = PBXBuildFile; fileRef = 51EDDBFF18C582FE009172B6 /* background2.png */; };
		51EDDC0418C582FE009172B6 /* background3.png in Resources */ = {isa = PBXBuildFile; fileRef = 51EDDC0018C582FE009172B6 /* background3.png */; };
		51EDDC0518C582FE009172B6 /* background4.png in Resources */ = {isa = PBXBuildFile; fileRef = 51EDDC0118C582FE009172B6 /* background4.png */; };
/* End PBXBuildFile section */

/* Begin PBXContainerItemProxy section */
		51EDDBD718C56C69009172B6 /* PBXContainerItemProxy */ = {
			isa = PBXContainerItemProxy;
			containerPortal = 51EDDBA918C56C68009172B6 /* Project object */;
			proxyType = 1;
			remoteGlobalIDString = 51EDDBB018C56C68009172B6;
			remoteInfo = Yorker;
		};
/* End PBXContainerItemProxy section */

/* Begin PBXFileReference section */
		51204EE718D007AC0017B901 /* FlyActivityDetailController.h */ = {isa = PBXFileReference; fileEncoding = 4; lastKnownFileType = sourcecode.c.h; path = FlyActivityDetailController.h; sourceTree = "<group>"; };
		51204EE818D007AC0017B901 /* FlyActivityDetailController.m */ = {isa = PBXFileReference; fileEncoding = 4; lastKnownFileType = sourcecode.c.objc; path = FlyActivityDetailController.m; sourceTree = "<group>"; };
		51204EEA18D1525D0017B901 /* basketball_activity_bg.png */ = {isa = PBXFileReference; lastKnownFileType = image.png; path = basketball_activity_bg.png; sourceTree = "<group>"; };
		513F6D3F18C6C8B500053B4F /* DetailViewController.h */ = {isa = PBXFileReference; fileEncoding = 4; lastKnownFileType = sourcecode.c.h; path = DetailViewController.h; sourceTree = "<group>"; };
		513F6D4018C6C8B500053B4F /* DetailViewController.m */ = {isa = PBXFileReference; fileEncoding = 4; lastKnownFileType = sourcecode.c.objc; path = DetailViewController.m; sourceTree = "<group>"; };
		513F6D4118C6C8B500053B4F /* Cell.h */ = {isa = PBXFileReference; fileEncoding = 4; lastKnownFileType = sourcecode.c.h; path = Cell.h; sourceTree = "<group>"; };
		513F6D4218C6C8B500053B4F /* Cell.m */ = {isa = PBXFileReference; fileEncoding = 4; lastKnownFileType = sourcecode.c.objc; path = Cell.m; sourceTree = "<group>"; };
		513F6D4318C6C8B500053B4F /* CustomCellBackground.h */ = {isa = PBXFileReference; fileEncoding = 4; lastKnownFileType = sourcecode.c.h; path = CustomCellBackground.h; sourceTree = "<group>"; };
		513F6D4418C6C8B500053B4F /* CustomCellBackground.m */ = {isa = PBXFileReference; fileEncoding = 4; lastKnownFileType = sourcecode.c.objc; path = CustomCellBackground.m; sourceTree = "<group>"; };
		513F6D4918C6CB9200053B4F /* 0.JPG */ = {isa = PBXFileReference; lastKnownFileType = image.jpeg; path = 0.JPG; sourceTree = "<group>"; };
		513F6D4A18C6CB9200053B4F /* 1.JPG */ = {isa = PBXFileReference; lastKnownFileType = image.jpeg; path = 1.JPG; sourceTree = "<group>"; };
		513F6D4B18C6CB9200053B4F /* 2.JPG */ = {isa = PBXFileReference; lastKnownFileType = image.jpeg; path = 2.JPG; sourceTree = "<group>"; };
		513F6D4C18C6CB9200053B4F /* 3.JPG */ = {isa = PBXFileReference; lastKnownFileType = image.jpeg; path = 3.JPG; sourceTree = "<group>"; };
		513F6D4D18C6CB9200053B4F /* 4.JPG */ = {isa = PBXFileReference; lastKnownFileType = image.jpeg; path = 4.JPG; sourceTree = "<group>"; };
		513F6D4E18C6CB9200053B4F /* 5.JPG */ = {isa = PBXFileReference; lastKnownFileType = image.jpeg; path = 5.JPG; sourceTree = "<group>"; };
		513F6D4F18C6CB9200053B4F /* 6.JPG */ = {isa = PBXFileReference; lastKnownFileType = image.jpeg; path = 6.JPG; sourceTree = "<group>"; };
		513F6D5018C6CB9200053B4F /* 7.JPG */ = {isa = PBXFileReference; lastKnownFileType = image.jpeg; path = 7.JPG; sourceTree = "<group>"; };
		513F6D5118C6CB9200053B4F /* 8.JPG */ = {isa = PBXFileReference; lastKnownFileType = image.jpeg; path = 8.JPG; sourceTree = "<group>"; };
		513F6D5218C6CB9200053B4F /* 9.JPG */ = {isa = PBXFileReference; lastKnownFileType = image.jpeg; path = 9.JPG; sourceTree = "<group>"; };
		513F6D5318C6CB9200053B4F /* 10.JPG */ = {isa = PBXFileReference; lastKnownFileType = image.jpeg; path = 10.JPG; sourceTree = "<group>"; };
		513F6D6118C6D21B00053B4F /* calendar.png */ = {isa = PBXFileReference; lastKnownFileType = image.png; path = calendar.png; sourceTree = "<group>"; };
		513F6D6218C6D21B00053B4F /* home.png */ = {isa = PBXFileReference; lastKnownFileType = image.png; path = home.png; sourceTree = "<group>"; };
		513F6D6318C6D21B00053B4F /* location.png */ = {isa = PBXFileReference; lastKnownFileType = image.png; path = location.png; sourceTree = "<group>"; };
		513F6D6418C6D21B00053B4F /* user.png */ = {isa = PBXFileReference; lastKnownFileType = image.png; path = user.png; sourceTree = "<group>"; };
		513F6D6918C755C100053B4F /* FlyTableViewController.h */ = {isa = PBXFileReference; fileEncoding = 4; lastKnownFileType = sourcecode.c.h; path = FlyTableViewController.h; sourceTree = "<group>"; };
		513F6D6A18C755C100053B4F /* FlyTableViewController.m */ = {isa = PBXFileReference; fileEncoding = 4; lastKnownFileType = sourcecode.c.objc; path = FlyTableViewController.m; sourceTree = "<group>"; };
		51679C8418EA7B9400B2A15E /* FlyActivityDetailCell.h */ = {isa = PBXFileReference; fileEncoding = 4; lastKnownFileType = sourcecode.c.h; path = FlyActivityDetailCell.h; sourceTree = "<group>"; };
		51679C8518EA7B9400B2A15E /* FlyActivityDetailCell.m */ = {isa = PBXFileReference; fileEncoding = 4; lastKnownFileType = sourcecode.c.objc; path = FlyActivityDetailCell.m; sourceTree = "<group>"; };
		51679C8718EA7BB900B2A15E /* FlyActivityDetailCell.xib */ = {isa = PBXFileReference; fileEncoding = 4; lastKnownFileType = file.xib; path = FlyActivityDetailCell.xib; sourceTree = "<group>"; };
		51E9BB7418C9AFA500CD7F79 /* FlySecondTableViewController.h */ = {isa = PBXFileReference; fileEncoding = 4; lastKnownFileType = sourcecode.c.h; path = FlySecondTableViewController.h; sourceTree = "<group>"; };
		51E9BB7518C9AFA500CD7F79 /* FlySecondTableViewController.m */ = {isa = PBXFileReference; fileEncoding = 4; lastKnownFileType = sourcecode.c.objc; path = FlySecondTableViewController.m; sourceTree = "<group>"; };
		51E9BB7718C9B33E00CD7F79 /* FlyActivityListCell.h */ = {isa = PBXFileReference; fileEncoding = 4; lastKnownFileType = sourcecode.c.h; path = FlyActivityListCell.h; sourceTree = "<group>"; };
		51E9BB7818C9B33E00CD7F79 /* FlyActivityListCell.m */ = {isa = PBXFileReference; fileEncoding = 4; lastKnownFileType = sourcecode.c.objc; path = FlyActivityListCell.m; sourceTree = "<group>"; };
		51EDDBB118C56C68009172B6 /* Yorker.app */ = {isa = PBXFileReference; explicitFileType = wrapper.application; includeInIndex = 0; path = Yorker.app; sourceTree = BUILT_PRODUCTS_DIR; };
		51EDDBB418C56C68009172B6 /* Foundation.framework */ = {isa = PBXFileReference; lastKnownFileType = wrapper.framework; name = Foundation.framework; path = System/Library/Frameworks/Foundation.framework; sourceTree = SDKROOT; };
		51EDDBB618C56C69009172B6 /* CoreGraphics.framework */ = {isa = PBXFileReference; lastKnownFileType = wrapper.framework; name = CoreGraphics.framework; path = System/Library/Frameworks/CoreGraphics.framework; sourceTree = SDKROOT; };
		51EDDBB818C56C69009172B6 /* UIKit.framework */ = {isa = PBXFileReference; lastKnownFileType = wrapper.framework; name = UIKit.framework; path = System/Library/Frameworks/UIKit.framework; sourceTree = SDKROOT; };
		51EDDBBC18C56C69009172B6 /* Yorker-Info.plist */ = {isa = PBXFileReference; lastKnownFileType = text.plist.xml; path = "Yorker-Info.plist"; sourceTree = "<group>"; };
		51EDDBBE18C56C69009172B6 /* en */ = {isa = PBXFileReference; lastKnownFileType = text.plist.strings; name = en; path = en.lproj/InfoPlist.strings; sourceTree = "<group>"; };
		51EDDBC018C56C69009172B6 /* main.m */ = {isa = PBXFileReference; lastKnownFileType = sourcecode.c.objc; path = main.m; sourceTree = "<group>"; };
		51EDDBC218C56C69009172B6 /* Yorker-Prefix.pch */ = {isa = PBXFileReference; lastKnownFileType = sourcecode.c.h; path = "Yorker-Prefix.pch"; sourceTree = "<group>"; };
		51EDDBC318C56C69009172B6 /* FlyAppDelegate.h */ = {isa = PBXFileReference; lastKnownFileType = sourcecode.c.h; path = FlyAppDelegate.h; sourceTree = "<group>"; };
		51EDDBC418C56C69009172B6 /* FlyAppDelegate.m */ = {isa = PBXFileReference; lastKnownFileType = sourcecode.c.objc; path = FlyAppDelegate.m; sourceTree = "<group>"; };
		51EDDBC718C56C69009172B6 /* Base */ = {isa = PBXFileReference; lastKnownFileType = file.storyboard; name = Base; path = Base.lproj/Main.storyboard; sourceTree = "<group>"; };
		51EDDBC918C56C69009172B6 /* FlyViewController.h */ = {isa = PBXFileReference; lastKnownFileType = sourcecode.c.h; path = FlyViewController.h; sourceTree = "<group>"; };
		51EDDBCA18C56C69009172B6 /* FlyViewController.m */ = {isa = PBXFileReference; lastKnownFileType = sourcecode.c.objc; path = FlyViewController.m; sourceTree = "<group>"; };
		51EDDBCC18C56C69009172B6 /* Images.xcassets */ = {isa = PBXFileReference; lastKnownFileType = folder.assetcatalog; path = Images.xcassets; sourceTree = "<group>"; };
		51EDDBD218C56C69009172B6 /* YorkerTests.xctest */ = {isa = PBXFileReference; explicitFileType = wrapper.cfbundle; includeInIndex = 0; path = YorkerTests.xctest; sourceTree = BUILT_PRODUCTS_DIR; };
		51EDDBD318C56C69009172B6 /* XCTest.framework */ = {isa = PBXFileReference; lastKnownFileType = wrapper.framework; name = XCTest.framework; path = Library/Frameworks/XCTest.framework; sourceTree = DEVELOPER_DIR; };
		51EDDBDB18C56C69009172B6 /* YorkerTests-Info.plist */ = {isa = PBXFileReference; lastKnownFileType = text.plist.xml; path = "YorkerTests-Info.plist"; sourceTree = "<group>"; };
		51EDDBDD18C56C69009172B6 /* en */ = {isa = PBXFileReference; lastKnownFileType = text.plist.strings; name = en; path = en.lproj/InfoPlist.strings; sourceTree = "<group>"; };
		51EDDBDF18C56C69009172B6 /* YorkerTests.m */ = {isa = PBXFileReference; lastKnownFileType = sourcecode.c.objc; path = YorkerTests.m; sourceTree = "<group>"; };
		51EDDBEC18C56FA6009172B6 /* Default.png */ = {isa = PBXFileReference; lastKnownFileType = image.png; path = Default.png; sourceTree = "<group>"; };
		51EDDBEE18C57851009172B6 /* background.png */ = {isa = PBXFileReference; lastKnownFileType = image.png; path = background.png; sourceTree = "<group>"; };
		51EDDBEF18C57851009172B6 /* dot1.png */ = {isa = PBXFileReference; lastKnownFileType = image.png; path = dot1.png; sourceTree = "<group>"; };
		51EDDBF018C57851009172B6 /* dot2.png */ = {isa = PBXFileReference; lastKnownFileType = image.png; path = dot2.png; sourceTree = "<group>"; };
		51EDDBF118C57851009172B6 /* dot3.png */ = {isa = PBXFileReference; lastKnownFileType = image.png; path = dot3.png; sourceTree = "<group>"; };
		51EDDBF218C57851009172B6 /* dot4.png */ = {isa = PBXFileReference; lastKnownFileType = image.png; path = dot4.png; sourceTree = "<group>"; };
		51EDDBF318C57851009172B6 /* heart.png */ = {isa = PBXFileReference; lastKnownFileType = image.png; path = heart.png; sourceTree = "<group>"; };
		51EDDBFA18C5798B009172B6 /* words.png */ = {isa = PBXFileReference; lastKnownFileType = image.png; path = words.png; sourceTree = "<group>"; };
		51EDDBFC18C57B59009172B6 /* welcome.png */ = {isa = PBXFileReference; lastKnownFileType = image.png; path = welcome.png; sourceTree = "<group>"; };
		51EDDBFE18C582FE009172B6 /* background1.png */ = {isa = PBXFileReference; lastKnownFileType = image.png; path = background1.png; sourceTree = "<group>"; };
		51EDDBFF18C582FE009172B6 /* background2.png */ = {isa = PBXFileReference; lastKnownFileType = image.png; path = background2.png; sourceTree = "<group>"; };
		51EDDC0018C582FE009172B6 /* background3.png */ = {isa = PBXFileReference; lastKnownFileType = image.png; path = background3.png; sourceTree = "<group>"; };
		51EDDC0118C582FE009172B6 /* background4.png */ = {isa = PBXFileReference; lastKnownFileType = image.png; path = background4.png; sourceTree = "<group>"; };
/* End PBXFileReference section */

/* Begin PBXFrameworksBuildPhase section */
		51EDDBAE18C56C68009172B6 /* Frameworks */ = {
			isa = PBXFrameworksBuildPhase;
			buildActionMask = 2147483647;
			files = (
				51EDDBB718C56C69009172B6 /* CoreGraphics.framework in Frameworks */,
				51EDDBB918C56C69009172B6 /* UIKit.framework in Frameworks */,
				51EDDBB518C56C69009172B6 /* Foundation.framework in Frameworks */,
			);
			runOnlyForDeploymentPostprocessing = 0;
		};
		51EDDBCF18C56C69009172B6 /* Frameworks */ = {
			isa = PBXFrameworksBuildPhase;
			buildActionMask = 2147483647;
			files = (
				51EDDBD418C56C69009172B6 /* XCTest.framework in Frameworks */,
				51EDDBD618C56C69009172B6 /* UIKit.framework in Frameworks */,
				51EDDBD518C56C69009172B6 /* Foundation.framework in Frameworks */,
			);
			runOnlyForDeploymentPostprocessing = 0;
		};
/* End PBXFrameworksBuildPhase section */

/* Begin PBXGroup section */
		513F6D4818C6CB7000053B4F /* CellImages */ = {
			isa = PBXGroup;
			children = (
				513F6D4918C6CB9200053B4F /* 0.JPG */,
				513F6D4A18C6CB9200053B4F /* 1.JPG */,
				513F6D4B18C6CB9200053B4F /* 2.JPG */,
				513F6D4C18C6CB9200053B4F /* 3.JPG */,
				513F6D4D18C6CB9200053B4F /* 4.JPG */,
				513F6D4E18C6CB9200053B4F /* 5.JPG */,
				513F6D4F18C6CB9200053B4F /* 6.JPG */,
				513F6D5018C6CB9200053B4F /* 7.JPG */,
				513F6D5118C6CB9200053B4F /* 8.JPG */,
				513F6D5218C6CB9200053B4F /* 9.JPG */,
				513F6D5318C6CB9200053B4F /* 10.JPG */,
			);
			name = CellImages;
			sourceTree = "<group>";
		};
		513F6D5F18C6D1F700053B4F /* Home */ = {
			isa = PBXGroup;
			children = (
				513F6D6018C6D1FF00053B4F /* Home_Bottom */,
			);
			name = Home;
			sourceTree = "<group>";
		};
		513F6D6018C6D1FF00053B4F /* Home_Bottom */ = {
			isa = PBXGroup;
			children = (
				513F6D6118C6D21B00053B4F /* calendar.png */,
				513F6D6218C6D21B00053B4F /* home.png */,
				513F6D6318C6D21B00053B4F /* location.png */,
				513F6D6418C6D21B00053B4F /* user.png */,
			);
			name = Home_Bottom;
			sourceTree = "<group>";
		};
		51EDDBA818C56C68009172B6 = {
			isa = PBXGroup;
			children = (
				51EDDBBA18C56C69009172B6 /* Yorker */,
				51EDDBD918C56C69009172B6 /* YorkerTests */,
				51EDDBB318C56C68009172B6 /* Frameworks */,
				51EDDBB218C56C68009172B6 /* Products */,
			);
			sourceTree = "<group>";
		};
		51EDDBB218C56C68009172B6 /* Products */ = {
			isa = PBXGroup;
			children = (
				51EDDBB118C56C68009172B6 /* Yorker.app */,
				51EDDBD218C56C69009172B6 /* YorkerTests.xctest */,
			);
			name = Products;
			sourceTree = "<group>";
		};
		51EDDBB318C56C68009172B6 /* Frameworks */ = {
			isa = PBXGroup;
			children = (
				51EDDBB418C56C68009172B6 /* Foundation.framework */,
				51EDDBB618C56C69009172B6 /* CoreGraphics.framework */,
				51EDDBB818C56C69009172B6 /* UIKit.framework */,
				51EDDBD318C56C69009172B6 /* XCTest.framework */,
			);
			name = Frameworks;
			sourceTree = "<group>";
		};
		51EDDBBA18C56C69009172B6 /* Yorker */ = {
			isa = PBXGroup;
			children = (
				51EDDBEB18C56E91009172B6 /* images */,
				51EDDBC318C56C69009172B6 /* FlyAppDelegate.h */,
				51EDDBC418C56C69009172B6 /* FlyAppDelegate.m */,
				51EDDBC918C56C69009172B6 /* FlyViewController.h */,
				51EDDBCA18C56C69009172B6 /* FlyViewController.m */,
				513F6D6918C755C100053B4F /* FlyTableViewController.h */,
				513F6D6A18C755C100053B4F /* FlyTableViewController.m */,
				51E9BB7418C9AFA500CD7F79 /* FlySecondTableViewController.h */,
				51E9BB7518C9AFA500CD7F79 /* FlySecondTableViewController.m */,
				51204EE718D007AC0017B901 /* FlyActivityDetailController.h */,
				51204EE818D007AC0017B901 /* FlyActivityDetailController.m */,
				513F6D3F18C6C8B500053B4F /* DetailViewController.h */,
				513F6D4018C6C8B500053B4F /* DetailViewController.m */,
				513F6D4118C6C8B500053B4F /* Cell.h */,
				513F6D4218C6C8B500053B4F /* Cell.m */,
				51E9BB7718C9B33E00CD7F79 /* FlyActivityListCell.h */,
				51E9BB7818C9B33E00CD7F79 /* FlyActivityListCell.m */,
				51679C8418EA7B9400B2A15E /* FlyActivityDetailCell.h */,
				51679C8518EA7B9400B2A15E /* FlyActivityDetailCell.m */,
				51679C8718EA7BB900B2A15E /* FlyActivityDetailCell.xib */,
				513F6D4318C6C8B500053B4F /* CustomCellBackground.h */,
				513F6D4418C6C8B500053B4F /* CustomCellBackground.m */,
				51EDDBCC18C56C69009172B6 /* Images.xcassets */,
				51EDDBBB18C56C69009172B6 /* Supporting Files */,
			);
			path = Yorker;
			sourceTree = "<group>";
		};
		51EDDBBB18C56C69009172B6 /* Supporting Files */ = {
			isa = PBXGroup;
			children = (
				51EDDBC618C56C69009172B6 /* Main.storyboard */,
				51EDDBBC18C56C69009172B6 /* Yorker-Info.plist */,
				51EDDBBD18C56C69009172B6 /* InfoPlist.strings */,
				51EDDBC018C56C69009172B6 /* main.m */,
				51EDDBC218C56C69009172B6 /* Yorker-Prefix.pch */,
			);
			name = "Supporting Files";
			sourceTree = "<group>";
		};
		51EDDBD918C56C69009172B6 /* YorkerTests */ = {
			isa = PBXGroup;
			children = (
				51EDDBDF18C56C69009172B6 /* YorkerTests.m */,
				51EDDBDA18C56C69009172B6 /* Supporting Files */,
			);
			path = YorkerTests;
			sourceTree = "<group>";
		};
		51EDDBDA18C56C69009172B6 /* Supporting Files */ = {
			isa = PBXGroup;
			children = (
				51EDDBDB18C56C69009172B6 /* YorkerTests-Info.plist */,
				51EDDBDC18C56C69009172B6 /* InfoPlist.strings */,
			);
			name = "Supporting Files";
			sourceTree = "<group>";
		};
		51EDDBEB18C56E91009172B6 /* images */ = {
			isa = PBXGroup;
			children = (
				513F6D5F18C6D1F700053B4F /* Home */,
				513F6D4818C6CB7000053B4F /* CellImages */,
				51EDDC0618C58305009172B6 /* testPages */,
				51EDDBFC18C57B59009172B6 /* welcome.png */,
				51EDDBFA18C5798B009172B6 /* words.png */,
				51EDDBEE18C57851009172B6 /* background.png */,
				51EDDBEF18C57851009172B6 /* dot1.png */,
				51EDDBF018C57851009172B6 /* dot2.png */,
				51EDDBF118C57851009172B6 /* dot3.png */,
				51EDDBF218C57851009172B6 /* dot4.png */,
				51EDDBF318C57851009172B6 /* heart.png */,
				51EDDBEC18C56FA6009172B6 /* Default.png */,
			);
			name = images;
			sourceTree = "<group>";
		};
		51EDDC0618C58305009172B6 /* testPages */ = {
			isa = PBXGroup;
			children = (
				51204EEA18D1525D0017B901 /* basketball_activity_bg.png */,
				51EDDBFE18C582FE009172B6 /* background1.png */,
				51EDDBFF18C582FE009172B6 /* background2.png */,
				51EDDC0018C582FE009172B6 /* background3.png */,
				51EDDC0118C582FE009172B6 /* background4.png */,
			);
			name = testPages;
			sourceTree = "<group>";
		};
/* End PBXGroup section */

/* Begin PBXNativeTarget section */
		51EDDBB018C56C68009172B6 /* Yorker */ = {
			isa = PBXNativeTarget;
			buildConfigurationList = 51EDDBE318C56C69009172B6 /* Build configuration list for PBXNativeTarget "Yorker" */;
			buildPhases = (
				51EDDBAD18C56C68009172B6 /* Sources */,
				51EDDBAE18C56C68009172B6 /* Frameworks */,
				51EDDBAF18C56C68009172B6 /* Resources */,
			);
			buildRules = (
			);
			dependencies = (
			);
			name = Yorker;
			productName = Yorker;
			productReference = 51EDDBB118C56C68009172B6 /* Yorker.app */;
			productType = "com.apple.product-type.application";
		};
		51EDDBD118C56C69009172B6 /* YorkerTests */ = {
			isa = PBXNativeTarget;
			buildConfigurationList = 51EDDBE618C56C69009172B6 /* Build configuration list for PBXNativeTarget "YorkerTests" */;
			buildPhases = (
				51EDDBCE18C56C69009172B6 /* Sources */,
				51EDDBCF18C56C69009172B6 /* Frameworks */,
				51EDDBD018C56C69009172B6 /* Resources */,
			);
			buildRules = (
			);
			dependencies = (
				51EDDBD818C56C69009172B6 /* PBXTargetDependency */,
			);
			name = YorkerTests;
			productName = YorkerTests;
			productReference = 51EDDBD218C56C69009172B6 /* YorkerTests.xctest */;
			productType = "com.apple.product-type.bundle.unit-test";
		};
/* End PBXNativeTarget section */

/* Begin PBXProject section */
		51EDDBA918C56C68009172B6 /* Project object */ = {
			isa = PBXProject;
			attributes = {
				CLASSPREFIX = Fly;
				LastUpgradeCheck = 0500;
				ORGANIZATIONNAME = SCU;
				TargetAttributes = {
					51EDDBB018C56C68009172B6 = {
						DevelopmentTeam = K2GP4428WM;
					};
					51EDDBD118C56C69009172B6 = {
						TestTargetID = 51EDDBB018C56C68009172B6;
					};
				};
			};
			buildConfigurationList = 51EDDBAC18C56C68009172B6 /* Build configuration list for PBXProject "Yorker" */;
			compatibilityVersion = "Xcode 3.2";
			developmentRegion = English;
			hasScannedForEncodings = 0;
			knownRegions = (
				en,
				Base,
			);
			mainGroup = 51EDDBA818C56C68009172B6;
			productRefGroup = 51EDDBB218C56C68009172B6 /* Products */;
			projectDirPath = "";
			projectRoot = "";
			targets = (
				51EDDBB018C56C68009172B6 /* Yorker */,
				51EDDBD118C56C69009172B6 /* YorkerTests */,
			);
		};
/* End PBXProject section */

/* Begin PBXResourcesBuildPhase section */
		51EDDBAF18C56C68009172B6 /* Resources */ = {
			isa = PBXResourcesBuildPhase;
			buildActionMask = 2147483647;
			files = (
				51EDDBCD18C56C69009172B6 /* Images.xcassets in Resources */,
				51EDDC0418C582FE009172B6 /* background3.png in Resources */,
				51EDDBF418C57851009172B6 /* background.png in Resources */,
				513F6D5C18C6CB9200053B4F /* 8.JPG in Resources */,
				513F6D5B18C6CB9200053B4F /* 7.JPG in Resources */,
				513F6D5D18C6CB9200053B4F /* 9.JPG in Resources */,
				513F6D5718C6CB9200053B4F /* 3.JPG in Resources */,
				513F6D5518C6CB9200053B4F /* 1.JPG in Resources */,
				513F6D5618C6CB9200053B4F /* 2.JPG in Resources */,
				51EDDC0318C582FE009172B6 /* background2.png in Resources */,
				51EDDBF918C57851009172B6 /* heart.png in Resources */,
				51EDDBF818C57851009172B6 /* dot4.png in Resources */,
				513F6D5418C6CB9200053B4F /* 0.JPG in Resources */,
				51EDDC0518C582FE009172B6 /* background4.png in Resources */,
				513F6D5918C6CB9200053B4F /* 5.JPG in Resources */,
				51EDDBBF18C56C69009172B6 /* InfoPlist.strings in Resources */,
				51EDDBF618C57851009172B6 /* dot2.png in Resources */,
				513F6D6618C6D21B00053B4F /* home.png in Resources */,
				51EDDBFD18C57B59009172B6 /* welcome.png in Resources */,
				513F6D5E18C6CB9200053B4F /* 10.JPG in Resources */,
				51EDDBC818C56C69009172B6 /* Main.storyboard in Resources */,
				51EDDBF718C57851009172B6 /* dot3.png in Resources */,
				51204EEB18D1525D0017B901 /* basketball_activity_bg.png in Resources */,
				513F6D6718C6D21B00053B4F /* location.png in Resources */,
				513F6D6518C6D21B00053B4F /* calendar.png in Resources */,
				51679C8818EA7BB900B2A15E /* FlyActivityDetailCell.xib in Resources */,
				513F6D6818C6D21B00053B4F /* user.png in Resources */,
				51EDDBED18C56FA6009172B6 /* Default.png in Resources */,
				51EDDBF518C57851009172B6 /* dot1.png in Resources */,
				513F6D5818C6CB9200053B4F /* 4.JPG in Resources */,
				51EDDC0218C582FE009172B6 /* background1.png in Resources */,
				51EDDBFB18C5798B009172B6 /* words.png in Resources */,
				513F6D5A18C6CB9200053B4F /* 6.JPG in Resources */,
			);
			runOnlyForDeploymentPostprocessing = 0;
		};
		51EDDBD018C56C69009172B6 /* Resources */ = {
			isa = PBXResourcesBuildPhase;
			buildActionMask = 2147483647;
			files = (
				51EDDBDE18C56C69009172B6 /* InfoPlist.strings in Resources */,
			);
			runOnlyForDeploymentPostprocessing = 0;
		};
/* End PBXResourcesBuildPhase section */

/* Begin PBXSourcesBuildPhase section */
		51EDDBAD18C56C68009172B6 /* Sources */ = {
			isa = PBXSourcesBuildPhase;
			buildActionMask = 2147483647;
			files = (
				513F6D4718C6C8B500053B4F /* CustomCellBackground.m in Sources */,
				513F6D4618C6C8B500053B4F /* Cell.m in Sources */,
				51679C8618EA7B9400B2A15E /* FlyActivityDetailCell.m in Sources */,
				51EDDBC518C56C69009172B6 /* FlyAppDelegate.m in Sources */,
				513F6D6B18C755C100053B4F /* FlyTableViewController.m in Sources */,
				51EDDBCB18C56C69009172B6 /* FlyViewController.m in Sources */,
				51EDDBC118C56C69009172B6 /* main.m in Sources */,
				513F6D4518C6C8B500053B4F /* DetailViewController.m in Sources */,
				51E9BB7918C9B33E00CD7F79 /* FlyActivityListCell.m in Sources */,
				51E9BB7618C9AFA500CD7F79 /* FlySecondTableViewController.m in Sources */,
				51204EE918D007AC0017B901 /* FlyActivityDetailController.m in Sources */,
			);
			runOnlyForDeploymentPostprocessing = 0;
		};
		51EDDBCE18C56C69009172B6 /* Sources */ = {
			isa = PBXSourcesBuildPhase;
			buildActionMask = 2147483647;
			files = (
				51EDDBE018C56C69009172B6 /* YorkerTests.m in Sources */,
			);
			runOnlyForDeploymentPostprocessing = 0;
		};
/* End PBXSourcesBuildPhase section */

/* Begin PBXTargetDependency section */
		51EDDBD818C56C69009172B6 /* PBXTargetDependency */ = {
			isa = PBXTargetDependency;
			target = 51EDDBB018C56C68009172B6 /* Yorker */;
			targetProxy = 51EDDBD718C56C69009172B6 /* PBXContainerItemProxy */;
		};
/* End PBXTargetDependency section */

/* Begin PBXVariantGroup section */
		51EDDBBD18C56C69009172B6 /* InfoPlist.strings */ = {
			isa = PBXVariantGroup;
			children = (
				51EDDBBE18C56C69009172B6 /* en */,
			);
			name = InfoPlist.strings;
			sourceTree = "<group>";
		};
		51EDDBC618C56C69009172B6 /* Main.storyboard */ = {
			isa = PBXVariantGroup;
			children = (
				51EDDBC718C56C69009172B6 /* Base */,
			);
			name = Main.storyboard;
			sourceTree = "<group>";
		};
		51EDDBDC18C56C69009172B6 /* InfoPlist.strings */ = {
			isa = PBXVariantGroup;
			children = (
				51EDDBDD18C56C69009172B6 /* en */,
			);
			name = InfoPlist.strings;
			sourceTree = "<group>";
		};
/* End PBXVariantGroup section */

/* Begin XCBuildConfiguration section */
		51EDDBE118C56C69009172B6 /* Debug */ = {
			isa = XCBuildConfiguration;
			buildSettings = {
				ALWAYS_SEARCH_USER_PATHS = NO;
				ARCHS = "$(ARCHS_STANDARD_INCLUDING_64_BIT)";
				CLANG_CXX_LANGUAGE_STANDARD = "gnu++0x";
				CLANG_CXX_LIBRARY = "libc++";
				CLANG_ENABLE_MODULES = YES;
				CLANG_ENABLE_OBJC_ARC = YES;
				CLANG_WARN_BOOL_CONVERSION = YES;
				CLANG_WARN_CONSTANT_CONVERSION = YES;
				CLANG_WARN_DIRECT_OBJC_ISA_USAGE = YES_ERROR;
				CLANG_WARN_EMPTY_BODY = YES;
				CLANG_WARN_ENUM_CONVERSION = YES;
				CLANG_WARN_INT_CONVERSION = YES;
				CLANG_WARN_OBJC_ROOT_CLASS = YES_ERROR;
				CLANG_WARN__DUPLICATE_METHOD_MATCH = YES;
				"CODE_SIGN_IDENTITY[sdk=iphoneos*]" = "iPhone Developer";
				COPY_PHASE_STRIP = NO;
				GCC_C_LANGUAGE_STANDARD = gnu99;
				GCC_DYNAMIC_NO_PIC = NO;
				GCC_OPTIMIZATION_LEVEL = 0;
				GCC_PREPROCESSOR_DEFINITIONS = (
					"DEBUG=1",
					"$(inherited)",
				);
				GCC_SYMBOLS_PRIVATE_EXTERN = NO;
				GCC_WARN_64_TO_32_BIT_CONVERSION = YES;
				GCC_WARN_ABOUT_RETURN_TYPE = YES_ERROR;
				GCC_WARN_UNDECLARED_SELECTOR = YES;
				GCC_WARN_UNINITIALIZED_AUTOS = YES;
				GCC_WARN_UNUSED_FUNCTION = YES;
				GCC_WARN_UNUSED_VARIABLE = YES;
				IPHONEOS_DEPLOYMENT_TARGET = 7.0;
				ONLY_ACTIVE_ARCH = YES;
				SDKROOT = iphoneos;
			};
			name = Debug;
		};
		51EDDBE218C56C69009172B6 /* Release */ = {
			isa = XCBuildConfiguration;
			buildSettings = {
				ALWAYS_SEARCH_USER_PATHS = NO;
				ARCHS = "$(ARCHS_STANDARD_INCLUDING_64_BIT)";
				CLANG_CXX_LANGUAGE_STANDARD = "gnu++0x";
				CLANG_CXX_LIBRARY = "libc++";
				CLANG_ENABLE_MODULES = YES;
				CLANG_ENABLE_OBJC_ARC = YES;
				CLANG_WARN_BOOL_CONVERSION = YES;
				CLANG_WARN_CONSTANT_CONVERSION = YES;
				CLANG_WARN_DIRECT_OBJC_ISA_USAGE = YES_ERROR;
				CLANG_WARN_EMPTY_BODY = YES;
				CLANG_WARN_ENUM_CONVERSION = YES;
				CLANG_WARN_INT_CONVERSION = YES;
				CLANG_WARN_OBJC_ROOT_CLASS = YES_ERROR;
				CLANG_WARN__DUPLICATE_METHOD_MATCH = YES;
				"CODE_SIGN_IDENTITY[sdk=iphoneos*]" = "iPhone Developer";
				COPY_PHASE_STRIP = YES;
				ENABLE_NS_ASSERTIONS = NO;
				GCC_C_LANGUAGE_STANDARD = gnu99;
				GCC_WARN_64_TO_32_BIT_CONVERSION = YES;
				GCC_WARN_ABOUT_RETURN_TYPE = YES_ERROR;
				GCC_WARN_UNDECLARED_SELECTOR = YES;
				GCC_WARN_UNINITIALIZED_AUTOS = YES;
				GCC_WARN_UNUSED_FUNCTION = YES;
				GCC_WARN_UNUSED_VARIABLE = YES;
				IPHONEOS_DEPLOYMENT_TARGET = 7.0;
				SDKROOT = iphoneos;
				VALIDATE_PRODUCT = YES;
			};
			name = Release;
		};
		51EDDBE418C56C69009172B6 /* Debug */ = {
			isa = XCBuildConfiguration;
			buildSettings = {
				ASSETCATALOG_COMPILER_APPICON_NAME = AppIcon;
				ASSETCATALOG_COMPILER_LAUNCHIMAGE_NAME = LaunchImage;
				GCC_PRECOMPILE_PREFIX_HEADER = YES;
				GCC_PREFIX_HEADER = "Yorker/Yorker-Prefix.pch";
				INFOPLIST_FILE = "Yorker/Yorker-Info.plist";
				PRODUCT_NAME = "$(TARGET_NAME)";
				WRAPPER_EXTENSION = app;
			};
			name = Debug;
		};
		51EDDBE518C56C69009172B6 /* Release */ = {
			isa = XCBuildConfiguration;
			buildSettings = {
				ASSETCATALOG_COMPILER_APPICON_NAME = AppIcon;
				ASSETCATALOG_COMPILER_LAUNCHIMAGE_NAME = LaunchImage;
				GCC_PRECOMPILE_PREFIX_HEADER = YES;
				GCC_PREFIX_HEADER = "Yorker/Yorker-Prefix.pch";
				INFOPLIST_FILE = "Yorker/Yorker-Info.plist";
				PRODUCT_NAME = "$(TARGET_NAME)";
				WRAPPER_EXTENSION = app;
			};
			name = Release;
		};
		51EDDBE718C56C69009172B6 /* Debug */ = {
			isa = XCBuildConfiguration;
			buildSettings = {
				ARCHS = "$(ARCHS_STANDARD_INCLUDING_64_BIT)";
				BUNDLE_LOADER = "$(BUILT_PRODUCTS_DIR)/Yorker.app/Yorker";
				FRAMEWORK_SEARCH_PATHS = (
					"$(SDKROOT)/Developer/Library/Frameworks",
					"$(inherited)",
					"$(DEVELOPER_FRAMEWORKS_DIR)",
				);
				GCC_PRECOMPILE_PREFIX_HEADER = YES;
				GCC_PREFIX_HEADER = "Yorker/Yorker-Prefix.pch";
				GCC_PREPROCESSOR_DEFINITIONS = (
					"DEBUG=1",
					"$(inherited)",
				);
				INFOPLIST_FILE = "YorkerTests/YorkerTests-Info.plist";
				PRODUCT_NAME = "$(TARGET_NAME)";
				TEST_HOST = "$(BUNDLE_LOADER)";
				WRAPPER_EXTENSION = xctest;
			};
			name = Debug;
		};
		51EDDBE818C56C69009172B6 /* Release */ = {
			isa = XCBuildConfiguration;
			buildSettings = {
				ARCHS = "$(ARCHS_STANDARD_INCLUDING_64_BIT)";
				BUNDLE_LOADER = "$(BUILT_PRODUCTS_DIR)/Yorker.app/Yorker";
				FRAMEWORK_SEARCH_PATHS = (
					"$(SDKROOT)/Developer/Library/Frameworks",
					"$(inherited)",
					"$(DEVELOPER_FRAMEWORKS_DIR)",
				);
				GCC_PRECOMPILE_PREFIX_HEADER = YES;
				GCC_PREFIX_HEADER = "Yorker/Yorker-Prefix.pch";
				INFOPLIST_FILE = "YorkerTests/YorkerTests-Info.plist";
				PRODUCT_NAME = "$(TARGET_NAME)";
				TEST_HOST = "$(BUNDLE_LOADER)";
				WRAPPER_EXTENSION = xctest;
			};
			name = Release;
		};
/* End XCBuildConfiguration section */

/* Begin XCConfigurationList section */
		51EDDBAC18C56C68009172B6 /* Build configuration list for PBXProject "Yorker" */ = {
			isa = XCConfigurationList;
			buildConfigurations = (
				51EDDBE118C56C69009172B6 /* Debug */,
				51EDDBE218C56C69009172B6 /* Release */,
			);
			defaultConfigurationIsVisible = 0;
			defaultConfigurationName = Release;
		};
		51EDDBE318C56C69009172B6 /* Build configuration list for PBXNativeTarget "Yorker" */ = {
			isa = XCConfigurationList;
			buildConfigurations = (
				51EDDBE418C56C69009172B6 /* Debug */,
				51EDDBE518C56C69009172B6 /* Release */,
			);
			defaultConfigurationIsVisible = 0;
			defaultConfigurationName = Release;
		};
		51EDDBE618C56C69009172B6 /* Build configuration list for PBXNativeTarget "YorkerTests" */ = {
			isa = XCConfigurationList;
			buildConfigurations = (
				51EDDBE718C56C69009172B6 /* Debug */,
				51EDDBE818C56C69009172B6 /* Release */,
			);
			defaultConfigurationIsVisible = 0;
			defaultConfigurationName = Release;
		};
/* End XCConfigurationList section */
	};
	rootObject = 51EDDBA918C56C68009172B6 /* Project object */;
}
